// !$*UTF8*$!
{
	archiveVersion = 1;
	classes = {
	};
	objectVersion = 50;
	objects = {

/* Begin PBXBuildFile section */
		27DA609724A25E780077AF6C /* AppDelegate.swift in Sources */ = {isa = PBXBuildFile; fileRef = 27DA609624A25E780077AF6C /* AppDelegate.swift */; };
		27DA609924A25E780077AF6C /* SceneDelegate.swift in Sources */ = {isa = PBXBuildFile; fileRef = 27DA609824A25E780077AF6C /* SceneDelegate.swift */; };
		27DA609B24A25E780077AF6C /* ViewController.swift in Sources */ = {isa = PBXBuildFile; fileRef = 27DA609A24A25E780077AF6C /* ViewController.swift */; };
		27DA609E24A25E780077AF6C /* Main.storyboard in Resources */ = {isa = PBXBuildFile; fileRef = 27DA609C24A25E780077AF6C /* Main.storyboard */; };
		27DA60A024A25E7C0077AF6C /* Assets.xcassets in Resources */ = {isa = PBXBuildFile; fileRef = 27DA609F24A25E7C0077AF6C /* Assets.xcassets */; };
		27DA60A324A25E7C0077AF6C /* LaunchScreen.storyboard in Resources */ = {isa = PBXBuildFile; fileRef = 27DA60A124A25E7C0077AF6C /* LaunchScreen.storyboard */; };
		27DA60AB24A260590077AF6C /* CadastroViewController.swift in Sources */ = {isa = PBXBuildFile; fileRef = 27DA60AA24A260590077AF6C /* CadastroViewController.swift */; };
		27DA60AD24A2606E0077AF6C /* LoginViewController.swift in Sources */ = {isa = PBXBuildFile; fileRef = 27DA60AC24A2606E0077AF6C /* LoginViewController.swift */; };
		27DA60AF24A267050077AF6C /* HomeViewController.swift in Sources */ = {isa = PBXBuildFile; fileRef = 27DA60AE24A267050077AF6C /* HomeViewController.swift */; };
		27EF4DB624B1508D00861493 /* Credencial.swift in Sources */ = {isa = PBXBuildFile; fileRef = 27EF4DB524B1508D00861493 /* Credencial.swift */; };
		27EF4DB824B1761D00861493 /* ApiErrorHandler.swift in Sources */ = {isa = PBXBuildFile; fileRef = 27EF4DB724B1761D00861493 /* ApiErrorHandler.swift */; };
		27EF4DBA24B18AC700861493 /* AuthenticationTokenData.swift in Sources */ = {isa = PBXBuildFile; fileRef = 27EF4DB924B18AC700861493 /* AuthenticationTokenData.swift */; };
		27F09C4524B252C80099139B /* SpinnerViewController.swift in Sources */ = {isa = PBXBuildFile; fileRef = 27F09C4424B252C80099139B /* SpinnerViewController.swift */; };
/* End PBXBuildFile section */

/* Begin PBXFileReference section */
		27DA609324A25E780077AF6C /* LoginScreenSb.app */ = {isa = PBXFileReference; explicitFileType = wrapper.application; includeInIndex = 0; path = LoginScreenSb.app; sourceTree = BUILT_PRODUCTS_DIR; };
		27DA609624A25E780077AF6C /* AppDelegate.swift */ = {isa = PBXFileReference; lastKnownFileType = sourcecode.swift; path = AppDelegate.swift; sourceTree = "<group>"; };
		27DA609824A25E780077AF6C /* SceneDelegate.swift */ = {isa = PBXFileReference; lastKnownFileType = sourcecode.swift; path = SceneDelegate.swift; sourceTree = "<group>"; };
		27DA609A24A25E780077AF6C /* ViewController.swift */ = {isa = PBXFileReference; lastKnownFileType = sourcecode.swift; path = ViewController.swift; sourceTree = "<group>"; };
		27DA609D24A25E780077AF6C /* Base */ = {isa = PBXFileReference; lastKnownFileType = file.storyboard; name = Base; path = Base.lproj/Main.storyboard; sourceTree = "<group>"; };
		27DA609F24A25E7C0077AF6C /* Assets.xcassets */ = {isa = PBXFileReference; lastKnownFileType = folder.assetcatalog; path = Assets.xcassets; sourceTree = "<group>"; };
		27DA60A224A25E7C0077AF6C /* Base */ = {isa = PBXFileReference; lastKnownFileType = file.storyboard; name = Base; path = Base.lproj/LaunchScreen.storyboard; sourceTree = "<group>"; };
		27DA60A424A25E7C0077AF6C /* Info.plist */ = {isa = PBXFileReference; lastKnownFileType = text.plist.xml; path = Info.plist; sourceTree = "<group>"; };
		27DA60AA24A260590077AF6C /* CadastroViewController.swift */ = {isa = PBXFileReference; lastKnownFileType = sourcecode.swift; path = CadastroViewController.swift; sourceTree = "<group>"; };
		27DA60AC24A2606E0077AF6C /* LoginViewController.swift */ = {isa = PBXFileReference; lastKnownFileType = sourcecode.swift; path = LoginViewController.swift; sourceTree = "<group>"; };
		27DA60AE24A267050077AF6C /* HomeViewController.swift */ = {isa = PBXFileReference; lastKnownFileType = sourcecode.swift; path = HomeViewController.swift; sourceTree = "<group>"; };
		27EF4DB524B1508D00861493 /* Credencial.swift */ = {isa = PBXFileReference; lastKnownFileType = sourcecode.swift; path = Credencial.swift; sourceTree = "<group>"; };
		27EF4DB724B1761D00861493 /* ApiErrorHandler.swift */ = {isa = PBXFileReference; lastKnownFileType = sourcecode.swift; path = ApiErrorHandler.swift; sourceTree = "<group>"; };
		27EF4DB924B18AC700861493 /* AuthenticationTokenData.swift */ = {isa = PBXFileReference; lastKnownFileType = sourcecode.swift; path = AuthenticationTokenData.swift; sourceTree = "<group>"; };
		27F09C4424B252C80099139B /* SpinnerViewController.swift */ = {isa = PBXFileReference; lastKnownFileType = sourcecode.swift; path = SpinnerViewController.swift; sourceTree = "<group>"; };
/* End PBXFileReference section */

/* Begin PBXFrameworksBuildPhase section */
		27DA609024A25E780077AF6C /* Frameworks */ = {
			isa = PBXFrameworksBuildPhase;
			buildActionMask = 2147483647;
			files = (
			);
			runOnlyForDeploymentPostprocessing = 0;
		};
/* End PBXFrameworksBuildPhase section */

/* Begin PBXGroup section */
		27DA608A24A25E780077AF6C = {
			isa = PBXGroup;
			children = (
				27DA609524A25E780077AF6C /* LoginScreenSb */,
				27DA609424A25E780077AF6C /* Products */,
			);
			sourceTree = "<group>";
		};
		27DA609424A25E780077AF6C /* Products */ = {
			isa = PBXGroup;
			children = (
				27DA609324A25E780077AF6C /* LoginScreenSb.app */,
			);
			name = Products;
			sourceTree = "<group>";
		};
		27DA609524A25E780077AF6C /* LoginScreenSb */ = {
			isa = PBXGroup;
			children = (
				27EF4DB424B14FF600861493 /* models */,
				27DA60B024A2683B0077AF6C /* ViewControllers */,
				27DA609624A25E780077AF6C /* AppDelegate.swift */,
				27DA609824A25E780077AF6C /* SceneDelegate.swift */,
				27DA609A24A25E780077AF6C /* ViewController.swift */,
				27DA609C24A25E780077AF6C /* Main.storyboard */,
				27DA609F24A25E7C0077AF6C /* Assets.xcassets */,
				27DA60A124A25E7C0077AF6C /* LaunchScreen.storyboard */,
				27DA60A424A25E7C0077AF6C /* Info.plist */,
			);
			path = LoginScreenSb;
			sourceTree = "<group>";
		};
		27DA60B024A2683B0077AF6C /* ViewControllers */ = {
			isa = PBXGroup;
			children = (
				27DA60AE24A267050077AF6C /* HomeViewController.swift */,
				27DA60AA24A260590077AF6C /* CadastroViewController.swift */,
				27DA60AC24A2606E0077AF6C /* LoginViewController.swift */,
				27F09C4424B252C80099139B /* SpinnerViewController.swift */,
			);
			path = ViewControllers;
			sourceTree = "<group>";
		};
		27EF4DB424B14FF600861493 /* models */ = {
			isa = PBXGroup;
			children = (
				27EF4DB524B1508D00861493 /* Credencial.swift */,
				27EF4DB924B18AC700861493 /* AuthenticationTokenData.swift */,
				27EF4DB724B1761D00861493 /* ApiErrorHandler.swift */,
			);
			path = models;
			sourceTree = "<group>";
		};
/* End PBXGroup section */

/* Begin PBXNativeTarget section */
		27DA609224A25E780077AF6C /* LoginScreenSb */ = {
			isa = PBXNativeTarget;
			buildConfigurationList = 27DA60A724A25E7C0077AF6C /* Build configuration list for PBXNativeTarget "LoginScreenSb" */;
			buildPhases = (
				27DA608F24A25E780077AF6C /* Sources */,
				27DA609024A25E780077AF6C /* Frameworks */,
				27DA609124A25E780077AF6C /* Resources */,
			);
			buildRules = (
			);
			dependencies = (
			);
			name = LoginScreenSb;
			productName = LoginScreenSb;
			productReference = 27DA609324A25E780077AF6C /* LoginScreenSb.app */;
			productType = "com.apple.product-type.application";
		};
/* End PBXNativeTarget section */

/* Begin PBXProject section */
		27DA608B24A25E780077AF6C /* Project object */ = {
			isa = PBXProject;
			attributes = {
				LastSwiftUpdateCheck = 1150;
				LastUpgradeCheck = 1150;
				ORGANIZATIONNAME = Pessoal;
				TargetAttributes = {
					27DA609224A25E780077AF6C = {
						CreatedOnToolsVersion = 11.5;
					};
				};
			};
			buildConfigurationList = 27DA608E24A25E780077AF6C /* Build configuration list for PBXProject "LoginScreenSb" */;
			compatibilityVersion = "Xcode 9.3";
			developmentRegion = en;
			hasScannedForEncodings = 0;
			knownRegions = (
				en,
				Base,
			);
			mainGroup = 27DA608A24A25E780077AF6C;
			productRefGroup = 27DA609424A25E780077AF6C /* Products */;
			projectDirPath = "";
			projectRoot = "";
			targets = (
				27DA609224A25E780077AF6C /* LoginScreenSb */,
			);
		};
/* End PBXProject section */

/* Begin PBXResourcesBuildPhase section */
		27DA609124A25E780077AF6C /* Resources */ = {
			isa = PBXResourcesBuildPhase;
			buildActionMask = 2147483647;
			files = (
				27DA60A324A25E7C0077AF6C /* LaunchScreen.storyboard in Resources */,
				27DA60A024A25E7C0077AF6C /* Assets.xcassets in Resources */,
				27DA609E24A25E780077AF6C /* Main.storyboard in Resources */,
			);
			runOnlyForDeploymentPostprocessing = 0;
		};
/* End PBXResourcesBuildPhase section */

/* Begin PBXSourcesBuildPhase section */
		27DA608F24A25E780077AF6C /* Sources */ = {
			isa = PBXSourcesBuildPhase;
			buildActionMask = 2147483647;
			files = (
				27DA609B24A25E780077AF6C /* ViewController.swift in Sources */,
				27DA609724A25E780077AF6C /* AppDelegate.swift in Sources */,
				27EF4DB824B1761D00861493 /* ApiErrorHandler.swift in Sources */,
				27EF4DBA24B18AC700861493 /* AuthenticationTokenData.swift in Sources */,
				27F09C4524B252C80099139B /* SpinnerViewController.swift in Sources */,
				27DA609924A25E780077AF6C /* SceneDelegate.swift in Sources */,
				27DA60AD24A2606E0077AF6C /* LoginViewController.swift in Sources */,
				27DA60AB24A260590077AF6C /* CadastroViewController.swift in Sources */,
				27EF4DB624B1508D00861493 /* Credencial.swift in Sources */,
				27DA60AF24A267050077AF6C /* HomeViewController.swift in Sources */,
			);
			runOnlyForDeploymentPostprocessing = 0;
		};
/* End PBXSourcesBuildPhase section */

/* Begin PBXVariantGroup section */
		27DA609C24A25E780077AF6C /* Main.storyboard */ = {
			isa = PBXVariantGroup;
			children = (
				27DA609D24A25E780077AF6C /* Base */,
			);
			name = Main.storyboard;
			sourceTree = "<group>";
		};
		27DA60A124A25E7C0077AF6C /* LaunchScreen.storyboard */ = {
			isa = PBXVariantGroup;
			children = (
				27DA60A224A25E7C0077AF6C /* Base */,
			);
			name = LaunchScreen.storyboard;
			sourceTree = "<group>";
		};
/* End PBXVariantGroup section */

/* Begin XCBuildConfiguration section */
		27DA60A524A25E7C0077AF6C /* Debug */ = {
			isa = XCBuildConfiguration;
			buildSettings = {
				ALWAYS_SEARCH_USER_PATHS = NO;
				CLANG_ANALYZER_NONNULL = YES;
				CLANG_ANALYZER_NUMBER_OBJECT_CONVERSION = YES_AGGRESSIVE;
				CLANG_CXX_LANGUAGE_STANDARD = "gnu++14";
				CLANG_CXX_LIBRARY = "libc++";
				CLANG_ENABLE_MODULES = YES;
				CLANG_ENABLE_OBJC_ARC = YES;
				CLANG_ENABLE_OBJC_WEAK = YES;
				CLANG_WARN_BLOCK_CAPTURE_AUTORELEASING = YES;
				CLANG_WARN_BOOL_CONVERSION = YES;
				CLANG_WARN_COMMA = YES;
				CLANG_WARN_CONSTANT_CONVERSION = YES;
				CLANG_WARN_DEPRECATED_OBJC_IMPLEMENTATIONS = YES;
				CLANG_WARN_DIRECT_OBJC_ISA_USAGE = YES_ERROR;
				CLANG_WARN_DOCUMENTATION_COMMENTS = YES;
				CLANG_WARN_EMPTY_BODY = YES;
				CLANG_WARN_ENUM_CONVERSION = YES;
				CLANG_WARN_INFINITE_RECURSION = YES;
				CLANG_WARN_INT_CONVERSION = YES;
				CLANG_WARN_NON_LITERAL_NULL_CONVERSION = YES;
				CLANG_WARN_OBJC_IMPLICIT_RETAIN_SELF = YES;
				CLANG_WARN_OBJC_LITERAL_CONVERSION = YES;
				CLANG_WARN_OBJC_ROOT_CLASS = YES_ERROR;
				CLANG_WARN_RANGE_LOOP_ANALYSIS = YES;
				CLANG_WARN_STRICT_PROTOTYPES = YES;
				CLANG_WARN_SUSPICIOUS_MOVE = YES;
				CLANG_WARN_UNGUARDED_AVAILABILITY = YES_AGGRESSIVE;
				CLANG_WARN_UNREACHABLE_CODE = YES;
				CLANG_WARN__DUPLICATE_METHOD_MATCH = YES;
				COPY_PHASE_STRIP = NO;
				DEBUG_INFORMATION_FORMAT = dwarf;
				ENABLE_STRICT_OBJC_MSGSEND = YES;
				ENABLE_TESTABILITY = YES;
				GCC_C_LANGUAGE_STANDARD = gnu11;
				GCC_DYNAMIC_NO_PIC = NO;
				GCC_NO_COMMON_BLOCKS = YES;
				GCC_OPTIMIZATION_LEVEL = 0;
				GCC_PREPROCESSOR_DEFINITIONS = (
					"DEBUG=1",
					"$(inherited)",
				);
				GCC_WARN_64_TO_32_BIT_CONVERSION = YES;
				GCC_WARN_ABOUT_RETURN_TYPE = YES_ERROR;
				GCC_WARN_UNDECLARED_SELECTOR = YES;
				GCC_WARN_UNINITIALIZED_AUTOS = YES_AGGRESSIVE;
				GCC_WARN_UNUSED_FUNCTION = YES;
				GCC_WARN_UNUSED_VARIABLE = YES;
				IPHONEOS_DEPLOYMENT_TARGET = 13.5;
				MTL_ENABLE_DEBUG_INFO = INCLUDE_SOURCE;
				MTL_FAST_MATH = YES;
				ONLY_ACTIVE_ARCH = YES;
				SDKROOT = iphoneos;
				SWIFT_ACTIVE_COMPILATION_CONDITIONS = DEBUG;
				SWIFT_OPTIMIZATION_LEVEL = "-Onone";
			};
			name = Debug;
		};
		27DA60A624A25E7C0077AF6C /* Release */ = {
			isa = XCBuildConfiguration;
			buildSettings = {
				ALWAYS_SEARCH_USER_PATHS = NO;
				CLANG_ANALYZER_NONNULL = YES;
				CLANG_ANALYZER_NUMBER_OBJECT_CONVERSION = YES_AGGRESSIVE;
				CLANG_CXX_LANGUAGE_STANDARD = "gnu++14";
				CLANG_CXX_LIBRARY = "libc++";
				CLANG_ENABLE_MODULES = YES;
				CLANG_ENABLE_OBJC_ARC = YES;
				CLANG_ENABLE_OBJC_WEAK = YES;
				CLANG_WARN_BLOCK_CAPTURE_AUTORELEASING = YES;
				CLANG_WARN_BOOL_CONVERSION = YES;
				CLANG_WARN_COMMA = YES;
				CLANG_WARN_CONSTANT_CONVERSION = YES;
				CLANG_WARN_DEPRECATED_OBJC_IMPLEMENTATIONS = YES;
				CLANG_WARN_DIRECT_OBJC_ISA_USAGE = YES_ERROR;
				CLANG_WARN_DOCUMENTATION_COMMENTS = YES;
				CLANG_WARN_EMPTY_BODY = YES;
				CLANG_WARN_ENUM_CONVERSION = YES;
				CLANG_WARN_INFINITE_RECURSION = YES;
				CLANG_WARN_INT_CONVERSION = YES;
				CLANG_WARN_NON_LITERAL_NULL_CONVERSION = YES;
				CLANG_WARN_OBJC_IMPLICIT_RETAIN_SELF = YES;
				CLANG_WARN_OBJC_LITERAL_CONVERSION = YES;
				CLANG_WARN_OBJC_ROOT_CLASS = YES_ERROR;
				CLANG_WARN_RANGE_LOOP_ANALYSIS = YES;
				CLANG_WARN_STRICT_PROTOTYPES = YES;
				CLANG_WARN_SUSPICIOUS_MOVE = YES;
				CLANG_WARN_UNGUARDED_AVAILABILITY = YES_AGGRESSIVE;
				CLANG_WARN_UNREACHABLE_CODE = YES;
				CLANG_WARN__DUPLICATE_METHOD_MATCH = YES;
				COPY_PHASE_STRIP = NO;
				DEBUG_INFORMATION_FORMAT = "dwarf-with-dsym";
				ENABLE_NS_ASSERTIONS = NO;
				ENABLE_STRICT_OBJC_MSGSEND = YES;
				GCC_C_LANGUAGE_STANDARD = gnu11;
				GCC_NO_COMMON_BLOCKS = YES;
				GCC_WARN_64_TO_32_BIT_CONVERSION = YES;
				GCC_WARN_ABOUT_RETURN_TYPE = YES_ERROR;
				GCC_WARN_UNDECLARED_SELECTOR = YES;
				GCC_WARN_UNINITIALIZED_AUTOS = YES_AGGRESSIVE;
				GCC_WARN_UNUSED_FUNCTION = YES;
				GCC_WARN_UNUSED_VARIABLE = YES;
				IPHONEOS_DEPLOYMENT_TARGET = 13.5;
				MTL_ENABLE_DEBUG_INFO = NO;
				MTL_FAST_MATH = YES;
				SDKROOT = iphoneos;
				SWIFT_COMPILATION_MODE = wholemodule;
				SWIFT_OPTIMIZATION_LEVEL = "-O";
				VALIDATE_PRODUCT = YES;
			};
			name = Release;
		};
		27DA60A824A25E7C0077AF6C /* Debug */ = {
			isa = XCBuildConfiguration;
			buildSettings = {
				ASSETCATALOG_COMPILER_APPICON_NAME = AppIcon;
				CODE_SIGN_STYLE = Automatic;
				DEVELOPMENT_TEAM = 8265U4S438;
				INFOPLIST_FILE = LoginScreenSb/Info.plist;
				LD_RUNPATH_SEARCH_PATHS = (
					"$(inherited)",
					"@executable_path/Frameworks",
				);
				PRODUCT_BUNDLE_IDENTIFIER = Pessoal.LoginScreenSb;
				PRODUCT_NAME = "$(TARGET_NAME)";
				SWIFT_VERSION = 5.0;
				TARGETED_DEVICE_FAMILY = "1,2";
			};
			name = Debug;
		};
		27DA60A924A25E7C0077AF6C /* Release */ = {
			isa = XCBuildConfiguration;
			buildSettings = {
				ASSETCATALOG_COMPILER_APPICON_NAME = AppIcon;
				CODE_SIGN_STYLE = Automatic;
				DEVELOPMENT_TEAM = 8265U4S438;
				INFOPLIST_FILE = LoginScreenSb/Info.plist;
				LD_RUNPATH_SEARCH_PATHS = (
					"$(inherited)",
					"@executable_path/Frameworks",
				);
				PRODUCT_BUNDLE_IDENTIFIER = Pessoal.LoginScreenSb;
				PRODUCT_NAME = "$(TARGET_NAME)";
				SWIFT_VERSION = 5.0;
				TARGETED_DEVICE_FAMILY = "1,2";
			};
			name = Release;
		};
/* End XCBuildConfiguration section */

/* Begin XCConfigurationList section */
		27DA608E24A25E780077AF6C /* Build configuration list for PBXProject "LoginScreenSb" */ = {
			isa = XCConfigurationList;
			buildConfigurations = (
				27DA60A524A25E7C0077AF6C /* Debug */,
				27DA60A624A25E7C0077AF6C /* Release */,
			);
			defaultConfigurationIsVisible = 0;
			defaultConfigurationName = Release;
		};
		27DA60A724A25E7C0077AF6C /* Build configuration list for PBXNativeTarget "LoginScreenSb" */ = {
			isa = XCConfigurationList;
			buildConfigurations = (
				27DA60A824A25E7C0077AF6C /* Debug */,
				27DA60A924A25E7C0077AF6C /* Release */,
			);
			defaultConfigurationIsVisible = 0;
			defaultConfigurationName = Release;
		};
/* End XCConfigurationList section */
	};
	rootObject = 27DA608B24A25E780077AF6C /* Project object */;
}
